
Microsoft Visual Studio Solution File, Format Version 9.00
# Visual Studio 2005
Project("{FAE04EC0-301F-11D3-BF4B-00C04F79EFBC}") = "空表", "ReportTemplate\空表.csproj", "{B0189DF4-AF64-443F-AFD4-8A0CBEE4B9BA}"
EndProject
Global
	GlobalSection(SolutionConfigurationPlatforms) = preSolution
		Debug|Any CPU = Debug|Any CPU
		Release|Any CPU = Release|Any CPU
	EndGlobalSection
	GlobalSection(ProjectConfigurationPlatforms) = postSolution
		{B0189DF4-AF64-443F-AFD4-8A0CBEE4B9BA}.Debug|Any CPU.ActiveCfg = Debug|Any CPU
		{B0189DF4-AF64-443F-AFD4-8A0CBEE4B9BA}.Debug|Any CPU.Build.0 = Debug|Any CPU
		{B0189DF4-AF64-443F-AFD4-8A0CBEE4B9BA}.Release|Any CPU.ActiveCfg = Release|Any CPU
		{B0189DF4-AF64-443F-AFD4-8A0CBEE4B9BA}.Release|Any CPU.Build.0 = Release|Any CPU
	EndGlobalSection
	GlobalSection(SolutionProperties) = preSolution
		HideSolutionNode = FALSE
	EndGlobalSection
EndGlobal
