
Microsoft Visual Studio Solution File, Format Version 12.00
# Visual Studio 14
VisualStudioVersion = 14.0.25420.1
MinimumVisualStudioVersion = 10.0.40219.1
Project("{FAE04EC0-301F-11D3-BF4B-00C04F79EFBC}") = "Com.Bing.Report", "Com.Bing.Report\Com.Bing.Report.csproj", "{948A872C-DC06-45BC-82CA-1AB1F0FFE2FB}"
EndProject
Project("{FAE04EC0-301F-11D3-BF4B-00C04F79EFBC}") = "ReportProject", "ReportProject\ReportProject.csproj", "{C50A2D82-17FF-478D-8BCD-D260FB35E2BE}"
EndProject
Global
	GlobalSection(SolutionConfigurationPlatforms) = preSolution
		Debug|Any CPU = Debug|Any CPU
		Release|Any CPU = Release|Any CPU
	EndGlobalSection
	GlobalSection(ProjectConfigurationPlatforms) = postSolution
		{948A872C-DC06-45BC-82CA-1AB1F0FFE2FB}.Debug|Any CPU.ActiveCfg = Debug|Any CPU
		{948A872C-DC06-45BC-82CA-1AB1F0FFE2FB}.Debug|Any CPU.Build.0 = Debug|Any CPU
		{948A872C-DC06-45BC-82CA-1AB1F0FFE2FB}.Release|Any CPU.ActiveCfg = Release|Any CPU
		{948A872C-DC06-45BC-82CA-1AB1F0FFE2FB}.Release|Any CPU.Build.0 = Release|Any CPU
		{C50A2D82-17FF-478D-8BCD-D260FB35E2BE}.Debug|Any CPU.ActiveCfg = Debug|Any CPU
		{C50A2D82-17FF-478D-8BCD-D260FB35E2BE}.Debug|Any CPU.Build.0 = Debug|Any CPU
		{C50A2D82-17FF-478D-8BCD-D260FB35E2BE}.Release|Any CPU.ActiveCfg = Release|Any CPU
		{C50A2D82-17FF-478D-8BCD-D260FB35E2BE}.Release|Any CPU.Build.0 = Release|Any CPU
	EndGlobalSection
	GlobalSection(SolutionProperties) = preSolution
		HideSolutionNode = FALSE
	EndGlobalSection
EndGlobal
